
Microsoft Visual Studio Solution File, Format Version 12.00
# Visual Studio 15
VisualStudioVersion = 15.0.28307.1062
MinimumVisualStudioVersion = 10.0.40219.1
Project("{FAE04EC0-301F-11D3-BF4B-00C04F79EFBC}") = "ReinforcedFloors", "ReinforcedFloors.csproj", "{B2519DB7-59B7-4CCE-863F-507D806E4550}"
EndProject
Global
	GlobalSection(SolutionConfigurationPlatforms) = preSolution
		Debug|Any CPU = Debug|Any CPU
		Release|Any CPU = Release|Any CPU
	EndGlobalSection
	GlobalSection(ProjectConfigurationPlatforms) = postSolution
		{B2519DB7-59B7-4CCE-863F-507D806E4550}.Debug|Any CPU.ActiveCfg = Debug|Any CPU
		{B2519DB7-59B7-4CCE-863F-507D806E4550}.Debug|Any CPU.Build.0 = Debug|Any CPU
		{B2519DB7-59B7-4CCE-863F-507D806E4550}.Release|Any CPU.ActiveCfg = Release|Any CPU
		{B2519DB7-59B7-4CCE-863F-507D806E4550}.Release|Any CPU.Build.0 = Release|Any CPU
	EndGlobalSection
	GlobalSection(SolutionProperties) = preSolution
		HideSolutionNode = FALSE
	EndGlobalSection
	GlobalSection(ExtensibilityGlobals) = postSolution
		SolutionGuid = {F7736649-1F38-49B3-BC7C-E39C53A87A60}
	EndGlobalSection
EndGlobal
